
Microsoft Visual Studio Solution File, Format Version 12.00
# Visual Studio Version 17
VisualStudioVersion = 17.6.33712.159
MinimumVisualStudioVersion = 10.0.40219.1
Project("{FAE04EC0-301F-11D3-BF4B-00C04F79EFBC}") = "TiendaVirtual.Entidades", "TiendaVirtual.Entidades\TiendaVirtual.Entidades.csproj", "{89D1323E-F92A-42CC-A590-0FA68D711017}"
EndProject
Project("{FAE04EC0-301F-11D3-BF4B-00C04F79EFBC}") = "TiendaVirtual.Datos", "TiendaVirtual.Datos\TiendaVirtual.Datos.csproj", "{D68E44B0-4BBD-487E-A545-954975515773}"
EndProject
Project("{FAE04EC0-301F-11D3-BF4B-00C04F79EFBC}") = "TiendaVirtual.Servicios", "TiendaVirtual.Servicios\TiendaVirtual.Servicios.csproj", "{442A1963-A671-4746-80F9-79C8570453B7}"
EndProject
Project("{FAE04EC0-301F-11D3-BF4B-00C04F79EFBC}") = "TiendaVirtual.Web", "TiendaVirtual.Web\TiendaVirtual.Web.csproj", "{96FDA836-06A3-44ED-93E5-31F3C0C9B247}"
EndProject
Project("{FAE04EC0-301F-11D3-BF4B-00C04F79EFBC}") = "TiendaVirtual.Utilidades", "TiendaVirtual.Utilidades\TiendaVirtual.Utilidades.csproj", "{5D9A5F5C-4146-44D7-8581-EBE1AD23F681}"
EndProject
Global
	GlobalSection(SolutionConfigurationPlatforms) = preSolution
		Debug|Any CPU = Debug|Any CPU
		Release|Any CPU = Release|Any CPU
	EndGlobalSection
	GlobalSection(ProjectConfigurationPlatforms) = postSolution
		{89D1323E-F92A-42CC-A590-0FA68D711017}.Debug|Any CPU.ActiveCfg = Debug|Any CPU
		{89D1323E-F92A-42CC-A590-0FA68D711017}.Debug|Any CPU.Build.0 = Debug|Any CPU
		{89D1323E-F92A-42CC-A590-0FA68D711017}.Release|Any CPU.ActiveCfg = Release|Any CPU
		{89D1323E-F92A-42CC-A590-0FA68D711017}.Release|Any CPU.Build.0 = Release|Any CPU
		{D68E44B0-4BBD-487E-A545-954975515773}.Debug|Any CPU.ActiveCfg = Debug|Any CPU
		{D68E44B0-4BBD-487E-A545-954975515773}.Debug|Any CPU.Build.0 = Debug|Any CPU
		{D68E44B0-4BBD-487E-A545-954975515773}.Release|Any CPU.ActiveCfg = Release|Any CPU
		{D68E44B0-4BBD-487E-A545-954975515773}.Release|Any CPU.Build.0 = Release|Any CPU
		{442A1963-A671-4746-80F9-79C8570453B7}.Debug|Any CPU.ActiveCfg = Debug|Any CPU
		{442A1963-A671-4746-80F9-79C8570453B7}.Debug|Any CPU.Build.0 = Debug|Any CPU
		{442A1963-A671-4746-80F9-79C8570453B7}.Release|Any CPU.ActiveCfg = Release|Any CPU
		{442A1963-A671-4746-80F9-79C8570453B7}.Release|Any CPU.Build.0 = Release|Any CPU
		{96FDA836-06A3-44ED-93E5-31F3C0C9B247}.Debug|Any CPU.ActiveCfg = Debug|Any CPU
		{96FDA836-06A3-44ED-93E5-31F3C0C9B247}.Debug|Any CPU.Build.0 = Debug|Any CPU
		{96FDA836-06A3-44ED-93E5-31F3C0C9B247}.Release|Any CPU.ActiveCfg = Release|Any CPU
		{96FDA836-06A3-44ED-93E5-31F3C0C9B247}.Release|Any CPU.Build.0 = Release|Any CPU
		{5D9A5F5C-4146-44D7-8581-EBE1AD23F681}.Debug|Any CPU.ActiveCfg = Debug|Any CPU
		{5D9A5F5C-4146-44D7-8581-EBE1AD23F681}.Debug|Any CPU.Build.0 = Debug|Any CPU
		{5D9A5F5C-4146-44D7-8581-EBE1AD23F681}.Release|Any CPU.ActiveCfg = Release|Any CPU
		{5D9A5F5C-4146-44D7-8581-EBE1AD23F681}.Release|Any CPU.Build.0 = Release|Any CPU
	EndGlobalSection
	GlobalSection(SolutionProperties) = preSolution
		HideSolutionNode = FALSE
	EndGlobalSection
	GlobalSection(ExtensibilityGlobals) = postSolution
		SolutionGuid = {BE945767-A31D-4747-B164-8090E15E6E77}
	EndGlobalSection
EndGlobal
